
Microsoft Visual Studio Solution File, Format Version 12.00
# Visual Studio Version 17
VisualStudioVersion = 17.4.33103.184
MinimumVisualStudioVersion = 10.0.40219.1
Project("{FAE04EC0-301F-11D3-BF4B-00C04F79EFBC}") = "NovaCafe", "NovaCafe\NovaCafe.csproj", "{8AD46AE8-371B-45D7-A776-ADED27AE7C02}"
EndProject
Global
	GlobalSection(SolutionConfigurationPlatforms) = preSolution
		Debug|Any CPU = Debug|Any CPU
		Release|Any CPU = Release|Any CPU
	EndGlobalSection
	GlobalSection(ProjectConfigurationPlatforms) = postSolution
		{8AD46AE8-371B-45D7-A776-ADED27AE7C02}.Debug|Any CPU.ActiveCfg = Debug|Any CPU
		{8AD46AE8-371B-45D7-A776-ADED27AE7C02}.Debug|Any CPU.Build.0 = Debug|Any CPU
		{8AD46AE8-371B-45D7-A776-ADED27AE7C02}.Release|Any CPU.ActiveCfg = Release|Any CPU
		{8AD46AE8-371B-45D7-A776-ADED27AE7C02}.Release|Any CPU.Build.0 = Release|Any CPU
	EndGlobalSection
	GlobalSection(SolutionProperties) = preSolution
		HideSolutionNode = FALSE
	EndGlobalSection
	GlobalSection(ExtensibilityGlobals) = postSolution
		SolutionGuid = {92EA6182-4247-41FB-ACC0-16C8E15747BB}
	EndGlobalSection
EndGlobal
